
Microsoft Visual Studio Solution File, Format Version 12.00
Project("{FAE04EC0-301F-11D3-BF4B-00C04F79EFBC}") = "Core", "src\Core\Core.csproj", "{BF97F1C2-F00F-4DCA-AFC2-F3593C223C07}"
EndProject
Project("{FAE04EC0-301F-11D3-BF4B-00C04F79EFBC}") = "DemoQa.Com_PageObjects", "test\e2e\DemoQa.Com_PageObjects\DemoQa.Com_PageObjects.csproj", "{18D54292-DA37-47D2-8417-97D28B5E5A01}"
EndProject
Project("{FAE04EC0-301F-11D3-BF4B-00C04F79EFBC}") = "DemoQa.Com_Tests", "test\e2e\DemoQa.Com_Tests\DemoQa.Com_Tests.csproj", "{47341F80-72F8-40D6-9BD7-8E1E523B7092}"
EndProject
Global
	GlobalSection(SolutionConfigurationPlatforms) = preSolution
		Debug|Any CPU = Debug|Any CPU
		Release|Any CPU = Release|Any CPU
	EndGlobalSection
	GlobalSection(ProjectConfigurationPlatforms) = postSolution
		{BF97F1C2-F00F-4DCA-AFC2-F3593C223C07}.Debug|Any CPU.ActiveCfg = Debug|Any CPU
		{BF97F1C2-F00F-4DCA-AFC2-F3593C223C07}.Debug|Any CPU.Build.0 = Debug|Any CPU
		{BF97F1C2-F00F-4DCA-AFC2-F3593C223C07}.Release|Any CPU.ActiveCfg = Release|Any CPU
		{BF97F1C2-F00F-4DCA-AFC2-F3593C223C07}.Release|Any CPU.Build.0 = Release|Any CPU
		{18D54292-DA37-47D2-8417-97D28B5E5A01}.Debug|Any CPU.ActiveCfg = Debug|Any CPU
		{18D54292-DA37-47D2-8417-97D28B5E5A01}.Debug|Any CPU.Build.0 = Debug|Any CPU
		{18D54292-DA37-47D2-8417-97D28B5E5A01}.Release|Any CPU.ActiveCfg = Release|Any CPU
		{18D54292-DA37-47D2-8417-97D28B5E5A01}.Release|Any CPU.Build.0 = Release|Any CPU
		{47341F80-72F8-40D6-9BD7-8E1E523B7092}.Debug|Any CPU.ActiveCfg = Debug|Any CPU
		{47341F80-72F8-40D6-9BD7-8E1E523B7092}.Debug|Any CPU.Build.0 = Debug|Any CPU
		{47341F80-72F8-40D6-9BD7-8E1E523B7092}.Release|Any CPU.ActiveCfg = Release|Any CPU
		{47341F80-72F8-40D6-9BD7-8E1E523B7092}.Release|Any CPU.Build.0 = Release|Any CPU
	EndGlobalSection
EndGlobal
